
Microsoft Visual Studio Solution File, Format Version 12.00
# Visual Studio Version 17
VisualStudioVersion = 17.9.34723.18
MinimumVisualStudioVersion = 10.0.40219.1
Project("{FAE04EC0-301F-11D3-BF4B-00C04F79EFBC}") = "ConsoleApp1", "ConsoleApp1\ConsoleApp1.csproj", "{A7DA449F-E86D-4E0D-90E8-5F94A6A57E51}"
EndProject
Global
	GlobalSection(SolutionConfigurationPlatforms) = preSolution
		Debug|Any CPU = Debug|Any CPU
		Release|Any CPU = Release|Any CPU
	EndGlobalSection
	GlobalSection(ProjectConfigurationPlatforms) = postSolution
		{A7DA449F-E86D-4E0D-90E8-5F94A6A57E51}.Debug|Any CPU.ActiveCfg = Debug|Any CPU
		{A7DA449F-E86D-4E0D-90E8-5F94A6A57E51}.Debug|Any CPU.Build.0 = Debug|Any CPU
		{A7DA449F-E86D-4E0D-90E8-5F94A6A57E51}.Release|Any CPU.ActiveCfg = Release|Any CPU
		{A7DA449F-E86D-4E0D-90E8-5F94A6A57E51}.Release|Any CPU.Build.0 = Release|Any CPU
	EndGlobalSection
	GlobalSection(SolutionProperties) = preSolution
		HideSolutionNode = FALSE
	EndGlobalSection
	GlobalSection(ExtensibilityGlobals) = postSolution
		SolutionGuid = {32F6BA8E-A437-44B9-A208-D8CB1AF167F2}
	EndGlobalSection
EndGlobal
